// !$*UTF8*$!
{
	archiveVersion = 1;
	classes = {
	};
	objectVersion = 55;
	objects = {

/* Begin PBXBuildFile section */
		06EC16B32913B00900870FFD /* AppDelegate.swift in Sources */ = {isa = PBXBuildFile; fileRef = 06EC16B22913B00900870FFD /* AppDelegate.swift */; };
		06EC16B52913B00900870FFD /* SceneDelegate.swift in Sources */ = {isa = PBXBuildFile; fileRef = 06EC16B42913B00900870FFD /* SceneDelegate.swift */; };
		06EC16B72913B00900870FFD /* ViewController.swift in Sources */ = {isa = PBXBuildFile; fileRef = 06EC16B62913B00900870FFD /* ViewController.swift */; };
		06EC16BA2913B00900870FFD /* Main.storyboard in Resources */ = {isa = PBXBuildFile; fileRef = 06EC16B82913B00900870FFD /* Main.storyboard */; };
		06EC16BC2913B00B00870FFD /* Assets.xcassets in Resources */ = {isa = PBXBuildFile; fileRef = 06EC16BB2913B00B00870FFD /* Assets.xcassets */; };
		06EC16BF2913B00B00870FFD /* LaunchScreen.storyboard in Resources */ = {isa = PBXBuildFile; fileRef = 06EC16BD2913B00B00870FFD /* LaunchScreen.storyboard */; };
		06EC16CA2913B00B00870FFD /* WallIETests.swift in Sources */ = {isa = PBXBuildFile; fileRef = 06EC16C92913B00B00870FFD /* WallIETests.swift */; };
		06EC16D42913B00B00870FFD /* WallIEUITests.swift in Sources */ = {isa = PBXBuildFile; fileRef = 06EC16D32913B00B00870FFD /* WallIEUITests.swift */; };
		06EC16D62913B00B00870FFD /* WallIEUITestsLaunchTests.swift in Sources */ = {isa = PBXBuildFile; fileRef = 06EC16D52913B00B00870FFD /* WallIEUITestsLaunchTests.swift */; };
		06EC16E82913B64D00870FFD /* APIClient.swift in Sources */ = {isa = PBXBuildFile; fileRef = 06EC16E72913B64D00870FFD /* APIClient.swift */; };
		06EC16EB2913B7B300870FFD /* Picture.swift in Sources */ = {isa = PBXBuildFile; fileRef = 06EC16EA2913B7B300870FFD /* Picture.swift */; };
		06EC16ED2913B81A00870FFD /* PictureViewModel.swift in Sources */ = {isa = PBXBuildFile; fileRef = 06EC16EC2913B81A00870FFD /* PictureViewModel.swift */; };
		06EC16EF2913B8D600870FFD /* DailyPictureViewController.swift in Sources */ = {isa = PBXBuildFile; fileRef = 06EC16EE2913B8D600870FFD /* DailyPictureViewController.swift */; };
		06EC16F12913B97300870FFD /* DailyPictureViewModel.swift in Sources */ = {isa = PBXBuildFile; fileRef = 06EC16F02913B97300870FFD /* DailyPictureViewModel.swift */; };
		06EC16F32913B9D800870FFD /* UIHelper.swift in Sources */ = {isa = PBXBuildFile; fileRef = 06EC16F22913B9D800870FFD /* UIHelper.swift */; };
		06EC16F52913B9E900870FFD /* UIImageExtension.swift in Sources */ = {isa = PBXBuildFile; fileRef = 06EC16F42913B9E900870FFD /* UIImageExtension.swift */; };
		7D1B9346FFBED6178291C35F /* Pods_WallIE_WallIEUITests.framework in Frameworks */ = {isa = PBXBuildFile; fileRef = 986914629776228C7F9E33B5 /* Pods_WallIE_WallIEUITests.framework */; };
		962C9371557AC410561E6896 /* Pods_WallIETests.framework in Frameworks */ = {isa = PBXBuildFile; fileRef = 1A40B283767F8985974FFA0E /* Pods_WallIETests.framework */; };
		D4226932091A24C41168EA1B /* Pods_WallIE.framework in Frameworks */ = {isa = PBXBuildFile; fileRef = 6D3AE257C16327ED94634C36 /* Pods_WallIE.framework */; };
/* End PBXBuildFile section */

/* Begin PBXContainerItemProxy section */
		06EC16C62913B00B00870FFD /* PBXContainerItemProxy */ = {
			isa = PBXContainerItemProxy;
			containerPortal = 06EC16A72913B00900870FFD /* Project object */;
			proxyType = 1;
			remoteGlobalIDString = 06EC16AE2913B00900870FFD;
			remoteInfo = WallIE;
		};
		06EC16D02913B00B00870FFD /* PBXContainerItemProxy */ = {
			isa = PBXContainerItemProxy;
			containerPortal = 06EC16A72913B00900870FFD /* Project object */;
			proxyType = 1;
			remoteGlobalIDString = 06EC16AE2913B00900870FFD;
			remoteInfo = WallIE;
		};
/* End PBXContainerItemProxy section */

/* Begin PBXFileReference section */
		06EC16AF2913B00900870FFD /* WallIE.app */ = {isa = PBXFileReference; explicitFileType = wrapper.application; includeInIndex = 0; path = WallIE.app; sourceTree = BUILT_PRODUCTS_DIR; };
		06EC16B22913B00900870FFD /* AppDelegate.swift */ = {isa = PBXFileReference; lastKnownFileType = sourcecode.swift; path = AppDelegate.swift; sourceTree = "<group>"; };
		06EC16B42913B00900870FFD /* SceneDelegate.swift */ = {isa = PBXFileReference; lastKnownFileType = sourcecode.swift; path = SceneDelegate.swift; sourceTree = "<group>"; };
		06EC16B62913B00900870FFD /* ViewController.swift */ = {isa = PBXFileReference; lastKnownFileType = sourcecode.swift; path = ViewController.swift; sourceTree = "<group>"; };
		06EC16B92913B00900870FFD /* Base */ = {isa = PBXFileReference; lastKnownFileType = file.storyboard; name = Base; path = Base.lproj/Main.storyboard; sourceTree = "<group>"; };
		06EC16BB2913B00B00870FFD /* Assets.xcassets */ = {isa = PBXFileReference; lastKnownFileType = folder.assetcatalog; path = Assets.xcassets; sourceTree = "<group>"; };
		06EC16BE2913B00B00870FFD /* Base */ = {isa = PBXFileReference; lastKnownFileType = file.storyboard; name = Base; path = Base.lproj/LaunchScreen.storyboard; sourceTree = "<group>"; };
		06EC16C02913B00B00870FFD /* Info.plist */ = {isa = PBXFileReference; lastKnownFileType = text.plist.xml; path = Info.plist; sourceTree = "<group>"; };
		06EC16C52913B00B00870FFD /* WallIETests.xctest */ = {isa = PBXFileReference; explicitFileType = wrapper.cfbundle; includeInIndex = 0; path = WallIETests.xctest; sourceTree = BUILT_PRODUCTS_DIR; };
		06EC16C92913B00B00870FFD /* WallIETests.swift */ = {isa = PBXFileReference; lastKnownFileType = sourcecode.swift; path = WallIETests.swift; sourceTree = "<group>"; };
		06EC16CF2913B00B00870FFD /* WallIEUITests.xctest */ = {isa = PBXFileReference; explicitFileType = wrapper.cfbundle; includeInIndex = 0; path = WallIEUITests.xctest; sourceTree = BUILT_PRODUCTS_DIR; };
		06EC16D32913B00B00870FFD /* WallIEUITests.swift */ = {isa = PBXFileReference; lastKnownFileType = sourcecode.swift; path = WallIEUITests.swift; sourceTree = "<group>"; };
		06EC16D52913B00B00870FFD /* WallIEUITestsLaunchTests.swift */ = {isa = PBXFileReference; lastKnownFileType = sourcecode.swift; path = WallIEUITestsLaunchTests.swift; sourceTree = "<group>"; };
		06EC16E72913B64D00870FFD /* APIClient.swift */ = {isa = PBXFileReference; lastKnownFileType = sourcecode.swift; path = APIClient.swift; sourceTree = "<group>"; };
		06EC16EA2913B7B300870FFD /* Picture.swift */ = {isa = PBXFileReference; lastKnownFileType = sourcecode.swift; path = Picture.swift; sourceTree = "<group>"; };
		06EC16EC2913B81A00870FFD /* PictureViewModel.swift */ = {isa = PBXFileReference; lastKnownFileType = sourcecode.swift; path = PictureViewModel.swift; sourceTree = "<group>"; };
		06EC16EE2913B8D600870FFD /* DailyPictureViewController.swift */ = {isa = PBXFileReference; lastKnownFileType = sourcecode.swift; path = DailyPictureViewController.swift; sourceTree = "<group>"; };
		06EC16F02913B97300870FFD /* DailyPictureViewModel.swift */ = {isa = PBXFileReference; lastKnownFileType = sourcecode.swift; path = DailyPictureViewModel.swift; sourceTree = "<group>"; };
		06EC16F22913B9D800870FFD /* UIHelper.swift */ = {isa = PBXFileReference; lastKnownFileType = sourcecode.swift; path = UIHelper.swift; sourceTree = "<group>"; };
		06EC16F42913B9E900870FFD /* UIImageExtension.swift */ = {isa = PBXFileReference; lastKnownFileType = sourcecode.swift; path = UIImageExtension.swift; sourceTree = "<group>"; };
		1A40B283767F8985974FFA0E /* Pods_WallIETests.framework */ = {isa = PBXFileReference; explicitFileType = wrapper.framework; includeInIndex = 0; path = Pods_WallIETests.framework; sourceTree = BUILT_PRODUCTS_DIR; };
		269194A3485FC89930F3E0FD /* Pods-WallIE-WallIEUITests.debug.xcconfig */ = {isa = PBXFileReference; includeInIndex = 1; lastKnownFileType = text.xcconfig; name = "Pods-WallIE-WallIEUITests.debug.xcconfig"; path = "Target Support Files/Pods-WallIE-WallIEUITests/Pods-WallIE-WallIEUITests.debug.xcconfig"; sourceTree = "<group>"; };
		6D3AE257C16327ED94634C36 /* Pods_WallIE.framework */ = {isa = PBXFileReference; explicitFileType = wrapper.framework; includeInIndex = 0; path = Pods_WallIE.framework; sourceTree = BUILT_PRODUCTS_DIR; };
		9251352DB5975FAAF4674856 /* Pods-WallIE-WallIEUITests.release.xcconfig */ = {isa = PBXFileReference; includeInIndex = 1; lastKnownFileType = text.xcconfig; name = "Pods-WallIE-WallIEUITests.release.xcconfig"; path = "Target Support Files/Pods-WallIE-WallIEUITests/Pods-WallIE-WallIEUITests.release.xcconfig"; sourceTree = "<group>"; };
		986914629776228C7F9E33B5 /* Pods_WallIE_WallIEUITests.framework */ = {isa = PBXFileReference; explicitFileType = wrapper.framework; includeInIndex = 0; path = Pods_WallIE_WallIEUITests.framework; sourceTree = BUILT_PRODUCTS_DIR; };
		9C156DB8C75A671D5D8F79C5 /* Pods-WallIETests.debug.xcconfig */ = {isa = PBXFileReference; includeInIndex = 1; lastKnownFileType = text.xcconfig; name = "Pods-WallIETests.debug.xcconfig"; path = "Target Support Files/Pods-WallIETests/Pods-WallIETests.debug.xcconfig"; sourceTree = "<group>"; };
		B56B5C633642B6E631DDE5F2 /* Pods-WallIETests.release.xcconfig */ = {isa = PBXFileReference; includeInIndex = 1; lastKnownFileType = text.xcconfig; name = "Pods-WallIETests.release.xcconfig"; path = "Target Support Files/Pods-WallIETests/Pods-WallIETests.release.xcconfig"; sourceTree = "<group>"; };
		B60D06C7D5039F4134107C0E /* Pods-WallIE.debug.xcconfig */ = {isa = PBXFileReference; includeInIndex = 1; lastKnownFileType = text.xcconfig; name = "Pods-WallIE.debug.xcconfig"; path = "Target Support Files/Pods-WallIE/Pods-WallIE.debug.xcconfig"; sourceTree = "<group>"; };
		EAD3540748C4C80DEE60820A /* Pods-WallIE.release.xcconfig */ = {isa = PBXFileReference; includeInIndex = 1; lastKnownFileType = text.xcconfig; name = "Pods-WallIE.release.xcconfig"; path = "Target Support Files/Pods-WallIE/Pods-WallIE.release.xcconfig"; sourceTree = "<group>"; };
/* End PBXFileReference section */

/* Begin PBXFrameworksBuildPhase section */
		06EC16AC2913B00900870FFD /* Frameworks */ = {
			isa = PBXFrameworksBuildPhase;
			buildActionMask = 2147483647;
			files = (
				D4226932091A24C41168EA1B /* Pods_WallIE.framework in Frameworks */,
			);
			runOnlyForDeploymentPostprocessing = 0;
		};
		06EC16C22913B00B00870FFD /* Frameworks */ = {
			isa = PBXFrameworksBuildPhase;
			buildActionMask = 2147483647;
			files = (
				962C9371557AC410561E6896 /* Pods_WallIETests.framework in Frameworks */,
			);
			runOnlyForDeploymentPostprocessing = 0;
		};
		06EC16CC2913B00B00870FFD /* Frameworks */ = {
			isa = PBXFrameworksBuildPhase;
			buildActionMask = 2147483647;
			files = (
				7D1B9346FFBED6178291C35F /* Pods_WallIE_WallIEUITests.framework in Frameworks */,
			);
			runOnlyForDeploymentPostprocessing = 0;
		};
/* End PBXFrameworksBuildPhase section */

/* Begin PBXGroup section */
		06EC16A62913B00900870FFD = {
			isa = PBXGroup;
			children = (
				06EC16B12913B00900870FFD /* WallIE */,
				06EC16C82913B00B00870FFD /* WallIETests */,
				06EC16D22913B00B00870FFD /* WallIEUITests */,
				06EC16B02913B00900870FFD /* Products */,
				B154BA3EEED4B877A47F0C0E /* Pods */,
				8714D7C7324F7055C0712CC7 /* Frameworks */,
			);
			sourceTree = "<group>";
		};
		06EC16B02913B00900870FFD /* Products */ = {
			isa = PBXGroup;
			children = (
				06EC16AF2913B00900870FFD /* WallIE.app */,
				06EC16C52913B00B00870FFD /* WallIETests.xctest */,
				06EC16CF2913B00B00870FFD /* WallIEUITests.xctest */,
			);
			name = Products;
			sourceTree = "<group>";
		};
		06EC16B12913B00900870FFD /* WallIE */ = {
			isa = PBXGroup;
			children = (
				06EC16E62913B63300870FFD /* Client */,
				06EC16E52913B34F00870FFD /* Helper */,
				06EC16E42913B34800870FFD /* ViewModel */,
				06EC16E32913B34200870FFD /* View */,
				06EC16E22913B33C00870FFD /* Model */,
				06EC16B22913B00900870FFD /* AppDelegate.swift */,
				06EC16B42913B00900870FFD /* SceneDelegate.swift */,
				06EC16B62913B00900870FFD /* ViewController.swift */,
				06EC16B82913B00900870FFD /* Main.storyboard */,
				06EC16BB2913B00B00870FFD /* Assets.xcassets */,
				06EC16BD2913B00B00870FFD /* LaunchScreen.storyboard */,
				06EC16C02913B00B00870FFD /* Info.plist */,
			);
			path = WallIE;
			sourceTree = "<group>";
		};
		06EC16C82913B00B00870FFD /* WallIETests */ = {
			isa = PBXGroup;
			children = (
				06EC16C92913B00B00870FFD /* WallIETests.swift */,
			);
			path = WallIETests;
			sourceTree = "<group>";
		};
		06EC16D22913B00B00870FFD /* WallIEUITests */ = {
			isa = PBXGroup;
			children = (
				06EC16D32913B00B00870FFD /* WallIEUITests.swift */,
				06EC16D52913B00B00870FFD /* WallIEUITestsLaunchTests.swift */,
			);
			path = WallIEUITests;
			sourceTree = "<group>";
		};
		06EC16E22913B33C00870FFD /* Model */ = {
			isa = PBXGroup;
			children = (
				06EC16EA2913B7B300870FFD /* Picture.swift */,
			);
			path = Model;
			sourceTree = "<group>";
		};
		06EC16E32913B34200870FFD /* View */ = {
			isa = PBXGroup;
			children = (
				06EC16EE2913B8D600870FFD /* DailyPictureViewController.swift */,
			);
			path = View;
			sourceTree = "<group>";
		};
		06EC16E42913B34800870FFD /* ViewModel */ = {
			isa = PBXGroup;
			children = (
				06EC16EC2913B81A00870FFD /* PictureViewModel.swift */,
				06EC16F02913B97300870FFD /* DailyPictureViewModel.swift */,
			);
			path = ViewModel;
			sourceTree = "<group>";
		};
		06EC16E52913B34F00870FFD /* Helper */ = {
			isa = PBXGroup;
			children = (
				06EC16F22913B9D800870FFD /* UIHelper.swift */,
				06EC16F42913B9E900870FFD /* UIImageExtension.swift */,
			);
			path = Helper;
			sourceTree = "<group>";
		};
		06EC16E62913B63300870FFD /* Client */ = {
			isa = PBXGroup;
			children = (
				06EC16E72913B64D00870FFD /* APIClient.swift */,
			);
			path = Client;
			sourceTree = "<group>";
		};
		8714D7C7324F7055C0712CC7 /* Frameworks */ = {
			isa = PBXGroup;
			children = (
				6D3AE257C16327ED94634C36 /* Pods_WallIE.framework */,
				986914629776228C7F9E33B5 /* Pods_WallIE_WallIEUITests.framework */,
				1A40B283767F8985974FFA0E /* Pods_WallIETests.framework */,
			);
			name = Frameworks;
			sourceTree = "<group>";
		};
		B154BA3EEED4B877A47F0C0E /* Pods */ = {
			isa = PBXGroup;
			children = (
				B60D06C7D5039F4134107C0E /* Pods-WallIE.debug.xcconfig */,
				EAD3540748C4C80DEE60820A /* Pods-WallIE.release.xcconfig */,
				269194A3485FC89930F3E0FD /* Pods-WallIE-WallIEUITests.debug.xcconfig */,
				9251352DB5975FAAF4674856 /* Pods-WallIE-WallIEUITests.release.xcconfig */,
				9C156DB8C75A671D5D8F79C5 /* Pods-WallIETests.debug.xcconfig */,
				B56B5C633642B6E631DDE5F2 /* Pods-WallIETests.release.xcconfig */,
			);
			path = Pods;
			sourceTree = "<group>";
		};
/* End PBXGroup section */

/* Begin PBXNativeTarget section */
		06EC16AE2913B00900870FFD /* WallIE */ = {
			isa = PBXNativeTarget;
			buildConfigurationList = 06EC16D92913B00B00870FFD /* Build configuration list for PBXNativeTarget "WallIE" */;
			buildPhases = (
				0D40D1BA5246827EE4EE5132 /* [CP] Check Pods Manifest.lock */,
				06EC16AB2913B00900870FFD /* Sources */,
				06EC16AC2913B00900870FFD /* Frameworks */,
				06EC16AD2913B00900870FFD /* Resources */,
				D1562113025F0FB0F95DB34E /* [CP] Embed Pods Frameworks */,
			);
			buildRules = (
			);
			dependencies = (
			);
			name = WallIE;
			productName = WallIE;
			productReference = 06EC16AF2913B00900870FFD /* WallIE.app */;
			productType = "com.apple.product-type.application";
		};
		06EC16C42913B00B00870FFD /* WallIETests */ = {
			isa = PBXNativeTarget;
			buildConfigurationList = 06EC16DC2913B00B00870FFD /* Build configuration list for PBXNativeTarget "WallIETests" */;
			buildPhases = (
				724E4CCB673644D13E2C5500 /* [CP] Check Pods Manifest.lock */,
				06EC16C12913B00B00870FFD /* Sources */,
				06EC16C22913B00B00870FFD /* Frameworks */,
				06EC16C32913B00B00870FFD /* Resources */,
			);
			buildRules = (
			);
			dependencies = (
				06EC16C72913B00B00870FFD /* PBXTargetDependency */,
			);
			name = WallIETests;
			productName = WallIETests;
			productReference = 06EC16C52913B00B00870FFD /* WallIETests.xctest */;
			productType = "com.apple.product-type.bundle.unit-test";
		};
		06EC16CE2913B00B00870FFD /* WallIEUITests */ = {
			isa = PBXNativeTarget;
			buildConfigurationList = 06EC16DF2913B00B00870FFD /* Build configuration list for PBXNativeTarget "WallIEUITests" */;
			buildPhases = (
				2ACF21FB3F6D1B90668325FA /* [CP] Check Pods Manifest.lock */,
				06EC16CB2913B00B00870FFD /* Sources */,
				06EC16CC2913B00B00870FFD /* Frameworks */,
				06EC16CD2913B00B00870FFD /* Resources */,
				22AA34DE205469BC87A0BBD5 /* [CP] Embed Pods Frameworks */,
			);
			buildRules = (
			);
			dependencies = (
				06EC16D12913B00B00870FFD /* PBXTargetDependency */,
			);
			name = WallIEUITests;
			productName = WallIEUITests;
			productReference = 06EC16CF2913B00B00870FFD /* WallIEUITests.xctest */;
			productType = "com.apple.product-type.bundle.ui-testing";
		};
/* End PBXNativeTarget section */

/* Begin PBXProject section */
		06EC16A72913B00900870FFD /* Project object */ = {
			isa = PBXProject;
			attributes = {
				BuildIndependentTargetsInParallel = 1;
				LastSwiftUpdateCheck = 1310;
				LastUpgradeCheck = 1310;
				TargetAttributes = {
					06EC16AE2913B00900870FFD = {
						CreatedOnToolsVersion = 13.1;
					};
					06EC16C42913B00B00870FFD = {
						CreatedOnToolsVersion = 13.1;
						TestTargetID = 06EC16AE2913B00900870FFD;
					};
					06EC16CE2913B00B00870FFD = {
						CreatedOnToolsVersion = 13.1;
						TestTargetID = 06EC16AE2913B00900870FFD;
					};
				};
			};
			buildConfigurationList = 06EC16AA2913B00900870FFD /* Build configuration list for PBXProject "WallIE" */;
			compatibilityVersion = "Xcode 13.0";
			developmentRegion = en;
			hasScannedForEncodings = 0;
			knownRegions = (
				en,
				Base,
			);
			mainGroup = 06EC16A62913B00900870FFD;
			packageReferences = (
				06EC16E92913B6BC00870FFD /* XCRemoteSwiftPackageReference "WalI-IE" */,
			);
			productRefGroup = 06EC16B02913B00900870FFD /* Products */;
			projectDirPath = "";
			projectRoot = "";
			targets = (
				06EC16AE2913B00900870FFD /* WallIE */,
				06EC16C42913B00B00870FFD /* WallIETests */,
				06EC16CE2913B00B00870FFD /* WallIEUITests */,
			);
		};
/* End PBXProject section */

/* Begin PBXResourcesBuildPhase section */
		06EC16AD2913B00900870FFD /* Resources */ = {
			isa = PBXResourcesBuildPhase;
			buildActionMask = 2147483647;
			files = (
				06EC16BF2913B00B00870FFD /* LaunchScreen.storyboard in Resources */,
				06EC16BC2913B00B00870FFD /* Assets.xcassets in Resources */,
				06EC16BA2913B00900870FFD /* Main.storyboard in Resources */,
			);
			runOnlyForDeploymentPostprocessing = 0;
		};
		06EC16C32913B00B00870FFD /* Resources */ = {
			isa = PBXResourcesBuildPhase;
			buildActionMask = 2147483647;
			files = (
			);
			runOnlyForDeploymentPostprocessing = 0;
		};
		06EC16CD2913B00B00870FFD /* Resources */ = {
			isa = PBXResourcesBuildPhase;
			buildActionMask = 2147483647;
			files = (
			);
			runOnlyForDeploymentPostprocessing = 0;
		};
/* End PBXResourcesBuildPhase section */

/* Begin PBXShellScriptBuildPhase section */
		0D40D1BA5246827EE4EE5132 /* [CP] Check Pods Manifest.lock */ = {
			isa = PBXShellScriptBuildPhase;
			buildActionMask = 2147483647;
			files = (
			);
			inputFileListPaths = (
			);
			inputPaths = (
				"${PODS_PODFILE_DIR_PATH}/Podfile.lock",
				"${PODS_ROOT}/Manifest.lock",
			);
			name = "[CP] Check Pods Manifest.lock";
			outputFileListPaths = (
			);
			outputPaths = (
				"$(DERIVED_FILE_DIR)/Pods-WallIE-checkManifestLockResult.txt",
			);
			runOnlyForDeploymentPostprocessing = 0;
			shellPath = /bin/sh;
			shellScript = "diff \"${PODS_PODFILE_DIR_PATH}/Podfile.lock\" \"${PODS_ROOT}/Manifest.lock\" > /dev/null\nif [ $? != 0 ] ; then\n    # print error to STDERR\n    echo \"error: The sandbox is not in sync with the Podfile.lock. Run 'pod install' or update your CocoaPods installation.\" >&2\n    exit 1\nfi\n# This output is used by Xcode 'outputs' to avoid re-running this script phase.\necho \"SUCCESS\" > \"${SCRIPT_OUTPUT_FILE_0}\"\n";
			showEnvVarsInLog = 0;
		};
		22AA34DE205469BC87A0BBD5 /* [CP] Embed Pods Frameworks */ = {
			isa = PBXShellScriptBuildPhase;
			buildActionMask = 2147483647;
			files = (
			);
			inputFileListPaths = (
				"${PODS_ROOT}/Target Support Files/Pods-WallIE-WallIEUITests/Pods-WallIE-WallIEUITests-frameworks-${CONFIGURATION}-input-files.xcfilelist",
			);
			name = "[CP] Embed Pods Frameworks";
			outputFileListPaths = (
				"${PODS_ROOT}/Target Support Files/Pods-WallIE-WallIEUITests/Pods-WallIE-WallIEUITests-frameworks-${CONFIGURATION}-output-files.xcfilelist",
			);
			runOnlyForDeploymentPostprocessing = 0;
			shellPath = /bin/sh;
			shellScript = "\"${PODS_ROOT}/Target Support Files/Pods-WallIE-WallIEUITests/Pods-WallIE-WallIEUITests-frameworks.sh\"\n";
			showEnvVarsInLog = 0;
		};
		2ACF21FB3F6D1B90668325FA /* [CP] Check Pods Manifest.lock */ = {
			isa = PBXShellScriptBuildPhase;
			buildActionMask = 2147483647;
			files = (
			);
			inputFileListPaths = (
			);
			inputPaths = (
				"${PODS_PODFILE_DIR_PATH}/Podfile.lock",
				"${PODS_ROOT}/Manifest.lock",
			);
			name = "[CP] Check Pods Manifest.lock";
			outputFileListPaths = (
			);
			outputPaths = (
				"$(DERIVED_FILE_DIR)/Pods-WallIE-WallIEUITests-checkManifestLockResult.txt",
			);
			runOnlyForDeploymentPostprocessing = 0;
			shellPath = /bin/sh;
			shellScript = "diff \"${PODS_PODFILE_DIR_PATH}/Podfile.lock\" \"${PODS_ROOT}/Manifest.lock\" > /dev/null\nif [ $? != 0 ] ; then\n    # print error to STDERR\n    echo \"error: The sandbox is not in sync with the Podfile.lock. Run 'pod install' or update your CocoaPods installation.\" >&2\n    exit 1\nfi\n# This output is used by Xcode 'outputs' to avoid re-running this script phase.\necho \"SUCCESS\" > \"${SCRIPT_OUTPUT_FILE_0}\"\n";
			showEnvVarsInLog = 0;
		};
		724E4CCB673644D13E2C5500 /* [CP] Check Pods Manifest.lock */ = {
			isa = PBXShellScriptBuildPhase;
			buildActionMask = 2147483647;
			files = (
			);
			inputFileListPaths = (
			);
			inputPaths = (
				"${PODS_PODFILE_DIR_PATH}/Podfile.lock",
				"${PODS_ROOT}/Manifest.lock",
			);
			name = "[CP] Check Pods Manifest.lock";
			outputFileListPaths = (
			);
			outputPaths = (
				"$(DERIVED_FILE_DIR)/Pods-WallIETests-checkManifestLockResult.txt",
			);
			runOnlyForDeploymentPostprocessing = 0;
			shellPath = /bin/sh;
			shellScript = "diff \"${PODS_PODFILE_DIR_PATH}/Podfile.lock\" \"${PODS_ROOT}/Manifest.lock\" > /dev/null\nif [ $? != 0 ] ; then\n    # print error to STDERR\n    echo \"error: The sandbox is not in sync with the Podfile.lock. Run 'pod install' or update your CocoaPods installation.\" >&2\n    exit 1\nfi\n# This output is used by Xcode 'outputs' to avoid re-running this script phase.\necho \"SUCCESS\" > \"${SCRIPT_OUTPUT_FILE_0}\"\n";
			showEnvVarsInLog = 0;
		};
		D1562113025F0FB0F95DB34E /* [CP] Embed Pods Frameworks */ = {
			isa = PBXShellScriptBuildPhase;
			buildActionMask = 2147483647;
			files = (
			);
			inputFileListPaths = (
				"${PODS_ROOT}/Target Support Files/Pods-WallIE/Pods-WallIE-frameworks-${CONFIGURATION}-input-files.xcfilelist",
			);
			name = "[CP] Embed Pods Frameworks";
			outputFileListPaths = (
				"${PODS_ROOT}/Target Support Files/Pods-WallIE/Pods-WallIE-frameworks-${CONFIGURATION}-output-files.xcfilelist",
			);
			runOnlyForDeploymentPostprocessing = 0;
			shellPath = /bin/sh;
			shellScript = "\"${PODS_ROOT}/Target Support Files/Pods-WallIE/Pods-WallIE-frameworks.sh\"\n";
			showEnvVarsInLog = 0;
		};
/* End PBXShellScriptBuildPhase section */

/* Begin PBXSourcesBuildPhase section */
		06EC16AB2913B00900870FFD /* Sources */ = {
			isa = PBXSourcesBuildPhase;
			buildActionMask = 2147483647;
			files = (
				06EC16B72913B00900870FFD /* ViewController.swift in Sources */,
				06EC16F12913B97300870FFD /* DailyPictureViewModel.swift in Sources */,
				06EC16EB2913B7B300870FFD /* Picture.swift in Sources */,
				06EC16F52913B9E900870FFD /* UIImageExtension.swift in Sources */,
				06EC16EF2913B8D600870FFD /* DailyPictureViewController.swift in Sources */,
				06EC16B32913B00900870FFD /* AppDelegate.swift in Sources */,
				06EC16F32913B9D800870FFD /* UIHelper.swift in Sources */,
				06EC16B52913B00900870FFD /* SceneDelegate.swift in Sources */,
				06EC16E82913B64D00870FFD /* APIClient.swift in Sources */,
				06EC16ED2913B81A00870FFD /* PictureViewModel.swift in Sources */,
			);
			runOnlyForDeploymentPostprocessing = 0;
		};
		06EC16C12913B00B00870FFD /* Sources */ = {
			isa = PBXSourcesBuildPhase;
			buildActionMask = 2147483647;
			files = (
				06EC16CA2913B00B00870FFD /* WallIETests.swift in Sources */,
			);
			runOnlyForDeploymentPostprocessing = 0;
		};
		06EC16CB2913B00B00870FFD /* Sources */ = {
			isa = PBXSourcesBuildPhase;
			buildActionMask = 2147483647;
			files = (
				06EC16D62913B00B00870FFD /* WallIEUITestsLaunchTests.swift in Sources */,
				06EC16D42913B00B00870FFD /* WallIEUITests.swift in Sources */,
			);
			runOnlyForDeploymentPostprocessing = 0;
		};
/* End PBXSourcesBuildPhase section */

/* Begin PBXTargetDependency section */
		06EC16C72913B00B00870FFD /* PBXTargetDependency */ = {
			isa = PBXTargetDependency;
			target = 06EC16AE2913B00900870FFD /* WallIE */;
			targetProxy = 06EC16C62913B00B00870FFD /* PBXContainerItemProxy */;
		};
		06EC16D12913B00B00870FFD /* PBXTargetDependency */ = {
			isa = PBXTargetDependency;
			target = 06EC16AE2913B00900870FFD /* WallIE */;
			targetProxy = 06EC16D02913B00B00870FFD /* PBXContainerItemProxy */;
		};
/* End PBXTargetDependency section */

/* Begin PBXVariantGroup section */
		06EC16B82913B00900870FFD /* Main.storyboard */ = {
			isa = PBXVariantGroup;
			children = (
				06EC16B92913B00900870FFD /* Base */,
			);
			name = Main.storyboard;
			sourceTree = "<group>";
		};
		06EC16BD2913B00B00870FFD /* LaunchScreen.storyboard */ = {
			isa = PBXVariantGroup;
			children = (
				06EC16BE2913B00B00870FFD /* Base */,
			);
			name = LaunchScreen.storyboard;
			sourceTree = "<group>";
		};
/* End PBXVariantGroup section */

/* Begin XCBuildConfiguration section */
		06EC16D72913B00B00870FFD /* Debug */ = {
			isa = XCBuildConfiguration;
			buildSettings = {
				ALWAYS_SEARCH_USER_PATHS = NO;
				CLANG_ANALYZER_NONNULL = YES;
				CLANG_ANALYZER_NUMBER_OBJECT_CONVERSION = YES_AGGRESSIVE;
				CLANG_CXX_LANGUAGE_STANDARD = "gnu++17";
				CLANG_CXX_LIBRARY = "libc++";
				CLANG_ENABLE_MODULES = YES;
				CLANG_ENABLE_OBJC_ARC = YES;
				CLANG_ENABLE_OBJC_WEAK = YES;
				CLANG_WARN_BLOCK_CAPTURE_AUTORELEASING = YES;
				CLANG_WARN_BOOL_CONVERSION = YES;
				CLANG_WARN_COMMA = YES;
				CLANG_WARN_CONSTANT_CONVERSION = YES;
				CLANG_WARN_DEPRECATED_OBJC_IMPLEMENTATIONS = YES;
				CLANG_WARN_DIRECT_OBJC_ISA_USAGE = YES_ERROR;
				CLANG_WARN_DOCUMENTATION_COMMENTS = YES;
				CLANG_WARN_EMPTY_BODY = YES;
				CLANG_WARN_ENUM_CONVERSION = YES;
				CLANG_WARN_INFINITE_RECURSION = YES;
				CLANG_WARN_INT_CONVERSION = YES;
				CLANG_WARN_NON_LITERAL_NULL_CONVERSION = YES;
				CLANG_WARN_OBJC_IMPLICIT_RETAIN_SELF = YES;
				CLANG_WARN_OBJC_LITERAL_CONVERSION = YES;
				CLANG_WARN_OBJC_ROOT_CLASS = YES_ERROR;
				CLANG_WARN_QUOTED_INCLUDE_IN_FRAMEWORK_HEADER = YES;
				CLANG_WARN_RANGE_LOOP_ANALYSIS = YES;
				CLANG_WARN_STRICT_PROTOTYPES = YES;
				CLANG_WARN_SUSPICIOUS_MOVE = YES;
				CLANG_WARN_UNGUARDED_AVAILABILITY = YES_AGGRESSIVE;
				CLANG_WARN_UNREACHABLE_CODE = YES;
				CLANG_WARN__DUPLICATE_METHOD_MATCH = YES;
				COPY_PHASE_STRIP = NO;
				DEBUG_INFORMATION_FORMAT = dwarf;
				ENABLE_STRICT_OBJC_MSGSEND = YES;
				ENABLE_TESTABILITY = YES;
				GCC_C_LANGUAGE_STANDARD = gnu11;
				GCC_DYNAMIC_NO_PIC = NO;
				GCC_NO_COMMON_BLOCKS = YES;
				GCC_OPTIMIZATION_LEVEL = 0;
				GCC_PREPROCESSOR_DEFINITIONS = (
					"DEBUG=1",
					"$(inherited)",
				);
				GCC_WARN_64_TO_32_BIT_CONVERSION = YES;
				GCC_WARN_ABOUT_RETURN_TYPE = YES_ERROR;
				GCC_WARN_UNDECLARED_SELECTOR = YES;
				GCC_WARN_UNINITIALIZED_AUTOS = YES_AGGRESSIVE;
				GCC_WARN_UNUSED_FUNCTION = YES;
				GCC_WARN_UNUSED_VARIABLE = YES;
				IPHONEOS_DEPLOYMENT_TARGET = 15.0;
				MTL_ENABLE_DEBUG_INFO = INCLUDE_SOURCE;
				MTL_FAST_MATH = YES;
				ONLY_ACTIVE_ARCH = YES;
				SDKROOT = iphoneos;
				SWIFT_ACTIVE_COMPILATION_CONDITIONS = DEBUG;
				SWIFT_OPTIMIZATION_LEVEL = "-Onone";
			};
			name = Debug;
		};
		06EC16D82913B00B00870FFD /* Release */ = {
			isa = XCBuildConfiguration;
			buildSettings = {
				ALWAYS_SEARCH_USER_PATHS = NO;
				CLANG_ANALYZER_NONNULL = YES;
				CLANG_ANALYZER_NUMBER_OBJECT_CONVERSION = YES_AGGRESSIVE;
				CLANG_CXX_LANGUAGE_STANDARD = "gnu++17";
				CLANG_CXX_LIBRARY = "libc++";
				CLANG_ENABLE_MODULES = YES;
				CLANG_ENABLE_OBJC_ARC = YES;
				CLANG_ENABLE_OBJC_WEAK = YES;
				CLANG_WARN_BLOCK_CAPTURE_AUTORELEASING = YES;
				CLANG_WARN_BOOL_CONVERSION = YES;
				CLANG_WARN_COMMA = YES;
				CLANG_WARN_CONSTANT_CONVERSION = YES;
				CLANG_WARN_DEPRECATED_OBJC_IMPLEMENTATIONS = YES;
				CLANG_WARN_DIRECT_OBJC_ISA_USAGE = YES_ERROR;
				CLANG_WARN_DOCUMENTATION_COMMENTS = YES;
				CLANG_WARN_EMPTY_BODY = YES;
				CLANG_WARN_ENUM_CONVERSION = YES;
				CLANG_WARN_INFINITE_RECURSION = YES;
				CLANG_WARN_INT_CONVERSION = YES;
				CLANG_WARN_NON_LITERAL_NULL_CONVERSION = YES;
				CLANG_WARN_OBJC_IMPLICIT_RETAIN_SELF = YES;
				CLANG_WARN_OBJC_LITERAL_CONVERSION = YES;
				CLANG_WARN_OBJC_ROOT_CLASS = YES_ERROR;
				CLANG_WARN_QUOTED_INCLUDE_IN_FRAMEWORK_HEADER = YES;
				CLANG_WARN_RANGE_LOOP_ANALYSIS = YES;
				CLANG_WARN_STRICT_PROTOTYPES = YES;
				CLANG_WARN_SUSPICIOUS_MOVE = YES;
				CLANG_WARN_UNGUARDED_AVAILABILITY = YES_AGGRESSIVE;
				CLANG_WARN_UNREACHABLE_CODE = YES;
				CLANG_WARN__DUPLICATE_METHOD_MATCH = YES;
				COPY_PHASE_STRIP = NO;
				DEBUG_INFORMATION_FORMAT = "dwarf-with-dsym";
				ENABLE_NS_ASSERTIONS = NO;
				ENABLE_STRICT_OBJC_MSGSEND = YES;
				GCC_C_LANGUAGE_STANDARD = gnu11;
				GCC_NO_COMMON_BLOCKS = YES;
				GCC_WARN_64_TO_32_BIT_CONVERSION = YES;
				GCC_WARN_ABOUT_RETURN_TYPE = YES_ERROR;
				GCC_WARN_UNDECLARED_SELECTOR = YES;
				GCC_WARN_UNINITIALIZED_AUTOS = YES_AGGRESSIVE;
				GCC_WARN_UNUSED_FUNCTION = YES;
				GCC_WARN_UNUSED_VARIABLE = YES;
				IPHONEOS_DEPLOYMENT_TARGET = 15.0;
				MTL_ENABLE_DEBUG_INFO = NO;
				MTL_FAST_MATH = YES;
				SDKROOT = iphoneos;
				SWIFT_COMPILATION_MODE = wholemodule;
				SWIFT_OPTIMIZATION_LEVEL = "-O";
				VALIDATE_PRODUCT = YES;
			};
			name = Release;
		};
		06EC16DA2913B00B00870FFD /* Debug */ = {
			isa = XCBuildConfiguration;
			baseConfigurationReference = B60D06C7D5039F4134107C0E /* Pods-WallIE.debug.xcconfig */;
			buildSettings = {
				ASSETCATALOG_COMPILER_APPICON_NAME = AppIcon;
				ASSETCATALOG_COMPILER_GLOBAL_ACCENT_COLOR_NAME = AccentColor;
				CODE_SIGN_STYLE = Automatic;
				CURRENT_PROJECT_VERSION = 1;
				GENERATE_INFOPLIST_FILE = YES;
				INFOPLIST_FILE = WallIE/Info.plist;
				INFOPLIST_KEY_UIApplicationSupportsIndirectInputEvents = YES;
				INFOPLIST_KEY_UILaunchStoryboardName = LaunchScreen;
				INFOPLIST_KEY_UIMainStoryboardFile = Main;
				INFOPLIST_KEY_UISupportedInterfaceOrientations_iPad = "UIInterfaceOrientationPortrait UIInterfaceOrientationPortraitUpsideDown UIInterfaceOrientationLandscapeLeft UIInterfaceOrientationLandscapeRight";
				INFOPLIST_KEY_UISupportedInterfaceOrientations_iPhone = "UIInterfaceOrientationPortrait UIInterfaceOrientationLandscapeLeft UIInterfaceOrientationLandscapeRight";
				LD_RUNPATH_SEARCH_PATHS = (
					"$(inherited)",
					"@executable_path/Frameworks",
				);
				MARKETING_VERSION = 1.0;
				PRODUCT_BUNDLE_IDENTIFIER = wallIE.WallIE;
				PRODUCT_NAME = "$(TARGET_NAME)";
				SWIFT_EMIT_LOC_STRINGS = YES;
				SWIFT_VERSION = 5.0;
				TARGETED_DEVICE_FAMILY = "1,2";
			};
			name = Debug;
		};
		06EC16DB2913B00B00870FFD /* Release */ = {
			isa = XCBuildConfiguration;
			baseConfigurationReference = EAD3540748C4C80DEE60820A /* Pods-WallIE.release.xcconfig */;
			buildSettings = {
				ASSETCATALOG_COMPILER_APPICON_NAME = AppIcon;
				ASSETCATALOG_COMPILER_GLOBAL_ACCENT_COLOR_NAME = AccentColor;
				CODE_SIGN_STYLE = Automatic;
				CURRENT_PROJECT_VERSION = 1;
				GENERATE_INFOPLIST_FILE = YES;
				INFOPLIST_FILE = WallIE/Info.plist;
				INFOPLIST_KEY_UIApplicationSupportsIndirectInputEvents = YES;
				INFOPLIST_KEY_UILaunchStoryboardName = LaunchScreen;
				INFOPLIST_KEY_UIMainStoryboardFile = Main;
				INFOPLIST_KEY_UISupportedInterfaceOrientations_iPad = "UIInterfaceOrientationPortrait UIInterfaceOrientationPortraitUpsideDown UIInterfaceOrientationLandscapeLeft UIInterfaceOrientationLandscapeRight";
				INFOPLIST_KEY_UISupportedInterfaceOrientations_iPhone = "UIInterfaceOrientationPortrait UIInterfaceOrientationLandscapeLeft UIInterfaceOrientationLandscapeRight";
				LD_RUNPATH_SEARCH_PATHS = (
					"$(inherited)",
					"@executable_path/Frameworks",
				);
				MARKETING_VERSION = 1.0;
				PRODUCT_BUNDLE_IDENTIFIER = wallIE.WallIE;
				PRODUCT_NAME = "$(TARGET_NAME)";
				SWIFT_EMIT_LOC_STRINGS = YES;
				SWIFT_VERSION = 5.0;
				TARGETED_DEVICE_FAMILY = "1,2";
			};
			name = Release;
		};
		06EC16DD2913B00B00870FFD /* Debug */ = {
			isa = XCBuildConfiguration;
			baseConfigurationReference = 9C156DB8C75A671D5D8F79C5 /* Pods-WallIETests.debug.xcconfig */;
			buildSettings = {
				ALWAYS_EMBED_SWIFT_STANDARD_LIBRARIES = YES;
				BUNDLE_LOADER = "$(TEST_HOST)";
				CODE_SIGN_STYLE = Automatic;
				CURRENT_PROJECT_VERSION = 1;
				GENERATE_INFOPLIST_FILE = YES;
				IPHONEOS_DEPLOYMENT_TARGET = 15.0;
				LD_RUNPATH_SEARCH_PATHS = (
					"$(inherited)",
					"@executable_path/Frameworks",
					"@loader_path/Frameworks",
				);
				MARKETING_VERSION = 1.0;
				PRODUCT_BUNDLE_IDENTIFIER = wallIE.WallIETests;
				PRODUCT_NAME = "$(TARGET_NAME)";
				SWIFT_EMIT_LOC_STRINGS = NO;
				SWIFT_VERSION = 5.0;
				TARGETED_DEVICE_FAMILY = "1,2";
				TEST_HOST = "$(BUILT_PRODUCTS_DIR)/WallIE.app/WallIE";
			};
			name = Debug;
		};
		06EC16DE2913B00B00870FFD /* Release */ = {
			isa = XCBuildConfiguration;
			baseConfigurationReference = B56B5C633642B6E631DDE5F2 /* Pods-WallIETests.release.xcconfig */;
			buildSettings = {
				ALWAYS_EMBED_SWIFT_STANDARD_LIBRARIES = YES;
				BUNDLE_LOADER = "$(TEST_HOST)";
				CODE_SIGN_STYLE = Automatic;
				CURRENT_PROJECT_VERSION = 1;
				GENERATE_INFOPLIST_FILE = YES;
				IPHONEOS_DEPLOYMENT_TARGET = 15.0;
				LD_RUNPATH_SEARCH_PATHS = (
					"$(inherited)",
					"@executable_path/Frameworks",
					"@loader_path/Frameworks",
				);
				MARKETING_VERSION = 1.0;
				PRODUCT_BUNDLE_IDENTIFIER = wallIE.WallIETests;
				PRODUCT_NAME = "$(TARGET_NAME)";
				SWIFT_EMIT_LOC_STRINGS = NO;
				SWIFT_VERSION = 5.0;
				TARGETED_DEVICE_FAMILY = "1,2";
				TEST_HOST = "$(BUILT_PRODUCTS_DIR)/WallIE.app/WallIE";
			};
			name = Release;
		};
		06EC16E02913B00B00870FFD /* Debug */ = {
			isa = XCBuildConfiguration;
			baseConfigurationReference = 269194A3485FC89930F3E0FD /* Pods-WallIE-WallIEUITests.debug.xcconfig */;
			buildSettings = {
				ALWAYS_EMBED_SWIFT_STANDARD_LIBRARIES = YES;
				CODE_SIGN_STYLE = Automatic;
				CURRENT_PROJECT_VERSION = 1;
				GENERATE_INFOPLIST_FILE = YES;
				LD_RUNPATH_SEARCH_PATHS = (
					"$(inherited)",
					"@executable_path/Frameworks",
					"@loader_path/Frameworks",
				);
				MARKETING_VERSION = 1.0;
				PRODUCT_BUNDLE_IDENTIFIER = wallIE.WallIEUITests;
				PRODUCT_NAME = "$(TARGET_NAME)";
				SWIFT_EMIT_LOC_STRINGS = NO;
				SWIFT_VERSION = 5.0;
				TARGETED_DEVICE_FAMILY = "1,2";
				TEST_TARGET_NAME = WallIE;
			};
			name = Debug;
		};
		06EC16E12913B00B00870FFD /* Release */ = {
			isa = XCBuildConfiguration;
			baseConfigurationReference = 9251352DB5975FAAF4674856 /* Pods-WallIE-WallIEUITests.release.xcconfig */;
			buildSettings = {
				ALWAYS_EMBED_SWIFT_STANDARD_LIBRARIES = YES;
				CODE_SIGN_STYLE = Automatic;
				CURRENT_PROJECT_VERSION = 1;
				GENERATE_INFOPLIST_FILE = YES;
				LD_RUNPATH_SEARCH_PATHS = (
					"$(inherited)",
					"@executable_path/Frameworks",
					"@loader_path/Frameworks",
				);
				MARKETING_VERSION = 1.0;
				PRODUCT_BUNDLE_IDENTIFIER = wallIE.WallIEUITests;
				PRODUCT_NAME = "$(TARGET_NAME)";
				SWIFT_EMIT_LOC_STRINGS = NO;
				SWIFT_VERSION = 5.0;
				TARGETED_DEVICE_FAMILY = "1,2";
				TEST_TARGET_NAME = WallIE;
			};
			name = Release;
		};
/* End XCBuildConfiguration section */

/* Begin XCConfigurationList section */
		06EC16AA2913B00900870FFD /* Build configuration list for PBXProject "WallIE" */ = {
			isa = XCConfigurationList;
			buildConfigurations = (
				06EC16D72913B00B00870FFD /* Debug */,
				06EC16D82913B00B00870FFD /* Release */,
			);
			defaultConfigurationIsVisible = 0;
			defaultConfigurationName = Release;
		};
		06EC16D92913B00B00870FFD /* Build configuration list for PBXNativeTarget "WallIE" */ = {
			isa = XCConfigurationList;
			buildConfigurations = (
				06EC16DA2913B00B00870FFD /* Debug */,
				06EC16DB2913B00B00870FFD /* Release */,
			);
			defaultConfigurationIsVisible = 0;
			defaultConfigurationName = Release;
		};
		06EC16DC2913B00B00870FFD /* Build configuration list for PBXNativeTarget "WallIETests" */ = {
			isa = XCConfigurationList;
			buildConfigurations = (
				06EC16DD2913B00B00870FFD /* Debug */,
				06EC16DE2913B00B00870FFD /* Release */,
			);
			defaultConfigurationIsVisible = 0;
			defaultConfigurationName = Release;
		};
		06EC16DF2913B00B00870FFD /* Build configuration list for PBXNativeTarget "WallIEUITests" */ = {
			isa = XCConfigurationList;
			buildConfigurations = (
				06EC16E02913B00B00870FFD /* Debug */,
				06EC16E12913B00B00870FFD /* Release */,
			);
			defaultConfigurationIsVisible = 0;
			defaultConfigurationName = Release;
		};
/* End XCConfigurationList section */

/* Begin XCRemoteSwiftPackageReference section */
		06EC16E92913B6BC00870FFD /* XCRemoteSwiftPackageReference "WalI-IE" */ = {
			isa = XCRemoteSwiftPackageReference;
			repositoryURL = "https://github.com/prakashgit1123/WalI-IE";
			requirement = {
				branch = main;
				kind = branch;
			};
		};
/* End XCRemoteSwiftPackageReference section */
	};
	rootObject = 06EC16A72913B00900870FFD /* Project object */;
}
